
Microsoft Visual Studio Solution File, Format Version 12.00
Project("{FAE04EC0-301F-11D3-BF4B-00C04F79EFBC}") = "CompanyEmployees", "CompanyEmployees\CompanyEmployees.csproj", "{07742338-19FE-4914-B7FF-F0BDBCCCA978}"
EndProject
Project("{FAE04EC0-301F-11D3-BF4B-00C04F79EFBC}") = "Contracts", "Contracts\Contracts.csproj", "{C990AC1D-44A8-463B-9E5E-B9F9AD9514BE}"
EndProject
Project("{FAE04EC0-301F-11D3-BF4B-00C04F79EFBC}") = "LoggerService", "LoggerService\LoggerService.csproj", "{FE5CCCFE-BD22-40EE-BF64-148F54B26AE9}"
EndProject
Project("{FAE04EC0-301F-11D3-BF4B-00C04F79EFBC}") = "Entities", "Entities\Entities.csproj", "{A4695839-9486-4E46-BADF-A9C3E7AEABCF}"
EndProject
Project("{FAE04EC0-301F-11D3-BF4B-00C04F79EFBC}") = "Repository", "Repository\Repository.csproj", "{AEBA8E5C-45AC-400A-BFFB-3A3B0DECF4BA}"
EndProject
Global
	GlobalSection(SolutionConfigurationPlatforms) = preSolution
		Debug|Any CPU = Debug|Any CPU
		Release|Any CPU = Release|Any CPU
	EndGlobalSection
	GlobalSection(ProjectConfigurationPlatforms) = postSolution
		{07742338-19FE-4914-B7FF-F0BDBCCCA978}.Debug|Any CPU.ActiveCfg = Debug|Any CPU
		{07742338-19FE-4914-B7FF-F0BDBCCCA978}.Debug|Any CPU.Build.0 = Debug|Any CPU
		{07742338-19FE-4914-B7FF-F0BDBCCCA978}.Release|Any CPU.ActiveCfg = Release|Any CPU
		{07742338-19FE-4914-B7FF-F0BDBCCCA978}.Release|Any CPU.Build.0 = Release|Any CPU
		{C990AC1D-44A8-463B-9E5E-B9F9AD9514BE}.Debug|Any CPU.ActiveCfg = Debug|Any CPU
		{C990AC1D-44A8-463B-9E5E-B9F9AD9514BE}.Debug|Any CPU.Build.0 = Debug|Any CPU
		{C990AC1D-44A8-463B-9E5E-B9F9AD9514BE}.Release|Any CPU.ActiveCfg = Release|Any CPU
		{C990AC1D-44A8-463B-9E5E-B9F9AD9514BE}.Release|Any CPU.Build.0 = Release|Any CPU
		{FE5CCCFE-BD22-40EE-BF64-148F54B26AE9}.Debug|Any CPU.ActiveCfg = Debug|Any CPU
		{FE5CCCFE-BD22-40EE-BF64-148F54B26AE9}.Debug|Any CPU.Build.0 = Debug|Any CPU
		{FE5CCCFE-BD22-40EE-BF64-148F54B26AE9}.Release|Any CPU.ActiveCfg = Release|Any CPU
		{FE5CCCFE-BD22-40EE-BF64-148F54B26AE9}.Release|Any CPU.Build.0 = Release|Any CPU
		{A4695839-9486-4E46-BADF-A9C3E7AEABCF}.Debug|Any CPU.ActiveCfg = Debug|Any CPU
		{A4695839-9486-4E46-BADF-A9C3E7AEABCF}.Debug|Any CPU.Build.0 = Debug|Any CPU
		{A4695839-9486-4E46-BADF-A9C3E7AEABCF}.Release|Any CPU.ActiveCfg = Release|Any CPU
		{A4695839-9486-4E46-BADF-A9C3E7AEABCF}.Release|Any CPU.Build.0 = Release|Any CPU
		{AEBA8E5C-45AC-400A-BFFB-3A3B0DECF4BA}.Debug|Any CPU.ActiveCfg = Debug|Any CPU
		{AEBA8E5C-45AC-400A-BFFB-3A3B0DECF4BA}.Debug|Any CPU.Build.0 = Debug|Any CPU
		{AEBA8E5C-45AC-400A-BFFB-3A3B0DECF4BA}.Release|Any CPU.ActiveCfg = Release|Any CPU
		{AEBA8E5C-45AC-400A-BFFB-3A3B0DECF4BA}.Release|Any CPU.Build.0 = Release|Any CPU
	EndGlobalSection
EndGlobal
