
Microsoft Visual Studio Solution File, Format Version 12.00
Project("{FAE04EC0-301F-11D3-BF4B-00C04F79EFBC}") = "CompanyEmployees", "CompanyEmployees\CompanyEmployees.csproj", "{07742338-19FE-4914-B7FF-F0BDBCCCA978}"
EndProject
Project("{FAE04EC0-301F-11D3-BF4B-00C04F79EFBC}") = "Contracts", "Contracts\Contracts.csproj", "{C990AC1D-44A8-463B-9E5E-B9F9AD9514BE}"
EndProject
Project("{FAE04EC0-301F-11D3-BF4B-00C04F79EFBC}") = "LoggerService", "LoggerService\LoggerService.csproj", "{FE5CCCFE-BD22-40EE-BF64-148F54B26AE9}"
EndProject
Project("{FAE04EC0-301F-11D3-BF4B-00C04F79EFBC}") = "Entities", "Entities\Entities.csproj", "{A4695839-9486-4E46-BADF-A9C3E7AEABCF}"
EndProject
Project("{FAE04EC0-301F-11D3-BF4B-00C04F79EFBC}") = "Repository", "Repository\Repository.csproj", "{AEBA8E5C-45AC-400A-BFFB-3A3B0DECF4BA}"
EndProject
Project("{FAE04EC0-301F-11D3-BF4B-00C04F79EFBC}") = "Service.Contracts", "Service.Contracts\Service.Contracts.csproj", "{FEF27DC4-3216-4B40-AC60-D220578AB5AB}"
EndProject
Project("{FAE04EC0-301F-11D3-BF4B-00C04F79EFBC}") = "Service", "Service\Service.csproj", "{0F367670-E59F-45B1-B79C-35EE94F62A57}"
EndProject
Project("{FAE04EC0-301F-11D3-BF4B-00C04F79EFBC}") = "CompanyEmployees.Presentation", "CompanyEmployees.Presentation\CompanyEmployees.Presentation.csproj", "{A3B32714-4A13-46C4-B7A3-613793FBA928}"
EndProject
Project("{FAE04EC0-301F-11D3-BF4B-00C04F79EFBC}") = "Shared", "Shared\Shared.csproj", "{FE9ED4F9-2B89-42DF-88C5-242620E93122}"
EndProject
Global
	GlobalSection(SolutionConfigurationPlatforms) = preSolution
		Debug|Any CPU = Debug|Any CPU
		Release|Any CPU = Release|Any CPU
	EndGlobalSection
	GlobalSection(ProjectConfigurationPlatforms) = postSolution
		{07742338-19FE-4914-B7FF-F0BDBCCCA978}.Debug|Any CPU.ActiveCfg = Debug|Any CPU
		{07742338-19FE-4914-B7FF-F0BDBCCCA978}.Debug|Any CPU.Build.0 = Debug|Any CPU
		{07742338-19FE-4914-B7FF-F0BDBCCCA978}.Release|Any CPU.ActiveCfg = Release|Any CPU
		{07742338-19FE-4914-B7FF-F0BDBCCCA978}.Release|Any CPU.Build.0 = Release|Any CPU
		{C990AC1D-44A8-463B-9E5E-B9F9AD9514BE}.Debug|Any CPU.ActiveCfg = Debug|Any CPU
		{C990AC1D-44A8-463B-9E5E-B9F9AD9514BE}.Debug|Any CPU.Build.0 = Debug|Any CPU
		{C990AC1D-44A8-463B-9E5E-B9F9AD9514BE}.Release|Any CPU.ActiveCfg = Release|Any CPU
		{C990AC1D-44A8-463B-9E5E-B9F9AD9514BE}.Release|Any CPU.Build.0 = Release|Any CPU
		{FE5CCCFE-BD22-40EE-BF64-148F54B26AE9}.Debug|Any CPU.ActiveCfg = Debug|Any CPU
		{FE5CCCFE-BD22-40EE-BF64-148F54B26AE9}.Debug|Any CPU.Build.0 = Debug|Any CPU
		{FE5CCCFE-BD22-40EE-BF64-148F54B26AE9}.Release|Any CPU.ActiveCfg = Release|Any CPU
		{FE5CCCFE-BD22-40EE-BF64-148F54B26AE9}.Release|Any CPU.Build.0 = Release|Any CPU
		{A4695839-9486-4E46-BADF-A9C3E7AEABCF}.Debug|Any CPU.ActiveCfg = Debug|Any CPU
		{A4695839-9486-4E46-BADF-A9C3E7AEABCF}.Debug|Any CPU.Build.0 = Debug|Any CPU
		{A4695839-9486-4E46-BADF-A9C3E7AEABCF}.Release|Any CPU.ActiveCfg = Release|Any CPU
		{A4695839-9486-4E46-BADF-A9C3E7AEABCF}.Release|Any CPU.Build.0 = Release|Any CPU
		{AEBA8E5C-45AC-400A-BFFB-3A3B0DECF4BA}.Debug|Any CPU.ActiveCfg = Debug|Any CPU
		{AEBA8E5C-45AC-400A-BFFB-3A3B0DECF4BA}.Debug|Any CPU.Build.0 = Debug|Any CPU
		{AEBA8E5C-45AC-400A-BFFB-3A3B0DECF4BA}.Release|Any CPU.ActiveCfg = Release|Any CPU
		{AEBA8E5C-45AC-400A-BFFB-3A3B0DECF4BA}.Release|Any CPU.Build.0 = Release|Any CPU
		{FEF27DC4-3216-4B40-AC60-D220578AB5AB}.Debug|Any CPU.ActiveCfg = Debug|Any CPU
		{FEF27DC4-3216-4B40-AC60-D220578AB5AB}.Debug|Any CPU.Build.0 = Debug|Any CPU
		{FEF27DC4-3216-4B40-AC60-D220578AB5AB}.Release|Any CPU.ActiveCfg = Release|Any CPU
		{FEF27DC4-3216-4B40-AC60-D220578AB5AB}.Release|Any CPU.Build.0 = Release|Any CPU
		{0F367670-E59F-45B1-B79C-35EE94F62A57}.Debug|Any CPU.ActiveCfg = Debug|Any CPU
		{0F367670-E59F-45B1-B79C-35EE94F62A57}.Debug|Any CPU.Build.0 = Debug|Any CPU
		{0F367670-E59F-45B1-B79C-35EE94F62A57}.Release|Any CPU.ActiveCfg = Release|Any CPU
		{0F367670-E59F-45B1-B79C-35EE94F62A57}.Release|Any CPU.Build.0 = Release|Any CPU
		{A3B32714-4A13-46C4-B7A3-613793FBA928}.Debug|Any CPU.ActiveCfg = Debug|Any CPU
		{A3B32714-4A13-46C4-B7A3-613793FBA928}.Debug|Any CPU.Build.0 = Debug|Any CPU
		{A3B32714-4A13-46C4-B7A3-613793FBA928}.Release|Any CPU.ActiveCfg = Release|Any CPU
		{A3B32714-4A13-46C4-B7A3-613793FBA928}.Release|Any CPU.Build.0 = Release|Any CPU
		{FE9ED4F9-2B89-42DF-88C5-242620E93122}.Debug|Any CPU.ActiveCfg = Debug|Any CPU
		{FE9ED4F9-2B89-42DF-88C5-242620E93122}.Debug|Any CPU.Build.0 = Debug|Any CPU
		{FE9ED4F9-2B89-42DF-88C5-242620E93122}.Release|Any CPU.ActiveCfg = Release|Any CPU
		{FE9ED4F9-2B89-42DF-88C5-242620E93122}.Release|Any CPU.Build.0 = Release|Any CPU
	EndGlobalSection
	GlobalSection(NestedProjects) = preSolution
	EndGlobalSection
EndGlobal
